// !$*UTF8*$!
{
	archiveVersion = 1;
	classes = {
	};
	objectVersion = 56;
	objects = {

/* Begin PBXBuildFile section */
		E9229C772B72700900AA6DCF /* StudentsModel.swift in Sources */ = {isa = PBXBuildFile; fileRef = E9229C762B72700900AA6DCF /* StudentsModel.swift */; };
		E9229C792B72781E00AA6DCF /* StudentTableViewCell.swift in Sources */ = {isa = PBXBuildFile; fileRef = E9229C782B72781E00AA6DCF /* StudentTableViewCell.swift */; };
		E969A8E12B695E5D0012EFE4 /* AppDelegate.swift in Sources */ = {isa = PBXBuildFile; fileRef = E969A8E02B695E5D0012EFE4 /* AppDelegate.swift */; };
		E969A8E32B695E5D0012EFE4 /* SceneDelegate.swift in Sources */ = {isa = PBXBuildFile; fileRef = E969A8E22B695E5D0012EFE4 /* SceneDelegate.swift */; };
		E969A8E52B695E5D0012EFE4 /* LoginViewController.swift in Sources */ = {isa = PBXBuildFile; fileRef = E969A8E42B695E5D0012EFE4 /* LoginViewController.swift */; };
		E969A8E82B695E5D0012EFE4 /* Main.storyboard in Resources */ = {isa = PBXBuildFile; fileRef = E969A8E62B695E5D0012EFE4 /* Main.storyboard */; };
		E969A8EA2B695E5E0012EFE4 /* Assets.xcassets in Resources */ = {isa = PBXBuildFile; fileRef = E969A8E92B695E5E0012EFE4 /* Assets.xcassets */; };
		E969A8ED2B695E5E0012EFE4 /* LaunchScreen.storyboard in Resources */ = {isa = PBXBuildFile; fileRef = E969A8EB2B695E5E0012EFE4 /* LaunchScreen.storyboard */; };
		E9B670CB2B6AA41000E97A1D /* MapTabViewController.swift in Sources */ = {isa = PBXBuildFile; fileRef = E9B670CA2B6AA41000E97A1D /* MapTabViewController.swift */; };
		E9B670CD2B6AA47D00E97A1D /* TableTabViewController.swift in Sources */ = {isa = PBXBuildFile; fileRef = E9B670CC2B6AA47D00E97A1D /* TableTabViewController.swift */; };
		E9EE9D242B6E406F000D467B /* StudentInformation.swift in Sources */ = {isa = PBXBuildFile; fileRef = E9EE9D232B6E406F000D467B /* StudentInformation.swift */; };
		E9EE9D292B6E41D7000D467B /* UdacityClient.swift in Sources */ = {isa = PBXBuildFile; fileRef = E9EE9D282B6E41D7000D467B /* UdacityClient.swift */; };
		E9EE9D2B2B6E42EA000D467B /* StudentLocationResponse.swift in Sources */ = {isa = PBXBuildFile; fileRef = E9EE9D2A2B6E42EA000D467B /* StudentLocationResponse.swift */; };
		E9EE9D2F2B6E46CC000D467B /* SessionRequest.swift in Sources */ = {isa = PBXBuildFile; fileRef = E9EE9D2E2B6E46CC000D467B /* SessionRequest.swift */; };
		E9EE9D312B6E47A1000D467B /* SessionResponse.swift in Sources */ = {isa = PBXBuildFile; fileRef = E9EE9D302B6E47A1000D467B /* SessionResponse.swift */; };
		E9EE9D332B6E4F81000D467B /* AddNewStudentLocationResponse.swift in Sources */ = {isa = PBXBuildFile; fileRef = E9EE9D322B6E4F81000D467B /* AddNewStudentLocationResponse.swift */; };
		E9EE9D352B6E50BE000D467B /* UpdateStudentLocationResponse.swift in Sources */ = {isa = PBXBuildFile; fileRef = E9EE9D342B6E50BE000D467B /* UpdateStudentLocationResponse.swift */; };
/* End PBXBuildFile section */

/* Begin PBXFileReference section */
		E9229C762B72700900AA6DCF /* StudentsModel.swift */ = {isa = PBXFileReference; lastKnownFileType = sourcecode.swift; path = StudentsModel.swift; sourceTree = "<group>"; };
		E9229C782B72781E00AA6DCF /* StudentTableViewCell.swift */ = {isa = PBXFileReference; lastKnownFileType = sourcecode.swift; path = StudentTableViewCell.swift; sourceTree = "<group>"; };
		E969A8DD2B695E5D0012EFE4 /* OnTheMap.app */ = {isa = PBXFileReference; explicitFileType = wrapper.application; includeInIndex = 0; path = OnTheMap.app; sourceTree = BUILT_PRODUCTS_DIR; };
		E969A8E02B695E5D0012EFE4 /* AppDelegate.swift */ = {isa = PBXFileReference; lastKnownFileType = sourcecode.swift; path = AppDelegate.swift; sourceTree = "<group>"; };
		E969A8E22B695E5D0012EFE4 /* SceneDelegate.swift */ = {isa = PBXFileReference; lastKnownFileType = sourcecode.swift; path = SceneDelegate.swift; sourceTree = "<group>"; };
		E969A8E42B695E5D0012EFE4 /* LoginViewController.swift */ = {isa = PBXFileReference; lastKnownFileType = sourcecode.swift; path = LoginViewController.swift; sourceTree = "<group>"; };
		E969A8E72B695E5D0012EFE4 /* Base */ = {isa = PBXFileReference; lastKnownFileType = file.storyboard; name = Base; path = Base.lproj/Main.storyboard; sourceTree = "<group>"; };
		E969A8E92B695E5E0012EFE4 /* Assets.xcassets */ = {isa = PBXFileReference; lastKnownFileType = folder.assetcatalog; path = Assets.xcassets; sourceTree = "<group>"; };
		E969A8EC2B695E5E0012EFE4 /* Base */ = {isa = PBXFileReference; lastKnownFileType = file.storyboard; name = Base; path = Base.lproj/LaunchScreen.storyboard; sourceTree = "<group>"; };
		E969A8EE2B695E5E0012EFE4 /* Info.plist */ = {isa = PBXFileReference; lastKnownFileType = text.plist.xml; path = Info.plist; sourceTree = "<group>"; };
		E9B670CA2B6AA41000E97A1D /* MapTabViewController.swift */ = {isa = PBXFileReference; lastKnownFileType = sourcecode.swift; path = MapTabViewController.swift; sourceTree = "<group>"; };
		E9B670CC2B6AA47D00E97A1D /* TableTabViewController.swift */ = {isa = PBXFileReference; lastKnownFileType = sourcecode.swift; path = TableTabViewController.swift; sourceTree = "<group>"; };
		E9EE9D232B6E406F000D467B /* StudentInformation.swift */ = {isa = PBXFileReference; lastKnownFileType = sourcecode.swift; path = StudentInformation.swift; sourceTree = "<group>"; };
		E9EE9D282B6E41D7000D467B /* UdacityClient.swift */ = {isa = PBXFileReference; lastKnownFileType = sourcecode.swift; path = UdacityClient.swift; sourceTree = "<group>"; };
		E9EE9D2A2B6E42EA000D467B /* StudentLocationResponse.swift */ = {isa = PBXFileReference; lastKnownFileType = sourcecode.swift; path = StudentLocationResponse.swift; sourceTree = "<group>"; };
		E9EE9D2E2B6E46CC000D467B /* SessionRequest.swift */ = {isa = PBXFileReference; lastKnownFileType = sourcecode.swift; path = SessionRequest.swift; sourceTree = "<group>"; };
		E9EE9D302B6E47A1000D467B /* SessionResponse.swift */ = {isa = PBXFileReference; lastKnownFileType = sourcecode.swift; path = SessionResponse.swift; sourceTree = "<group>"; };
		E9EE9D322B6E4F81000D467B /* AddNewStudentLocationResponse.swift */ = {isa = PBXFileReference; lastKnownFileType = sourcecode.swift; path = AddNewStudentLocationResponse.swift; sourceTree = "<group>"; };
		E9EE9D342B6E50BE000D467B /* UpdateStudentLocationResponse.swift */ = {isa = PBXFileReference; lastKnownFileType = sourcecode.swift; path = UpdateStudentLocationResponse.swift; sourceTree = "<group>"; };
/* End PBXFileReference section */

/* Begin PBXFrameworksBuildPhase section */
		E969A8DA2B695E5D0012EFE4 /* Frameworks */ = {
			isa = PBXFrameworksBuildPhase;
			buildActionMask = 2147483647;
			files = (
			);
			runOnlyForDeploymentPostprocessing = 0;
		};
/* End PBXFrameworksBuildPhase section */

/* Begin PBXGroup section */
		E969A8D42B695E5C0012EFE4 = {
			isa = PBXGroup;
			children = (
				E969A8DF2B695E5D0012EFE4 /* OnTheMap */,
				E969A8DE2B695E5D0012EFE4 /* Products */,
			);
			sourceTree = "<group>";
		};
		E969A8DE2B695E5D0012EFE4 /* Products */ = {
			isa = PBXGroup;
			children = (
				E969A8DD2B695E5D0012EFE4 /* OnTheMap.app */,
			);
			name = Products;
			sourceTree = "<group>";
		};
		E969A8DF2B695E5D0012EFE4 /* OnTheMap */ = {
			isa = PBXGroup;
			children = (
				E969A8E02B695E5D0012EFE4 /* AppDelegate.swift */,
				E969A8E22B695E5D0012EFE4 /* SceneDelegate.swift */,
				E9EE9D252B6E4072000D467B /* Model */,
				E9EE9D212B6E3E91000D467B /* Controller */,
				E9EE9D222B6E3EAF000D467B /* Assets */,
				E969A8EE2B695E5E0012EFE4 /* Info.plist */,
			);
			path = OnTheMap;
			sourceTree = "<group>";
		};
		E9EE9D212B6E3E91000D467B /* Controller */ = {
			isa = PBXGroup;
			children = (
				E9B670CC2B6AA47D00E97A1D /* TableTabViewController.swift */,
				E9B670CA2B6AA41000E97A1D /* MapTabViewController.swift */,
				E969A8E42B695E5D0012EFE4 /* LoginViewController.swift */,
				E9229C782B72781E00AA6DCF /* StudentTableViewCell.swift */,
			);
			path = Controller;
			sourceTree = "<group>";
		};
		E9EE9D222B6E3EAF000D467B /* Assets */ = {
			isa = PBXGroup;
			children = (
				E969A8E62B695E5D0012EFE4 /* Main.storyboard */,
				E969A8E92B695E5E0012EFE4 /* Assets.xcassets */,
				E969A8EB2B695E5E0012EFE4 /* LaunchScreen.storyboard */,
			);
			path = Assets;
			sourceTree = "<group>";
		};
		E9EE9D252B6E4072000D467B /* Model */ = {
			isa = PBXGroup;
			children = (
				E9EE9D2D2B6E46C0000D467B /* Udacity Requests */,
				E9EE9D2C2B6E45F0000D467B /* Udacity Responses */,
				E9EE9D272B6E41CA000D467B /* Udacity Client */,
				E9EE9D262B6E41C3000D467B /* Data */,
			);
			path = Model;
			sourceTree = "<group>";
		};
		E9EE9D262B6E41C3000D467B /* Data */ = {
			isa = PBXGroup;
			children = (
				E9EE9D232B6E406F000D467B /* StudentInformation.swift */,
				E9229C762B72700900AA6DCF /* StudentsModel.swift */,
			);
			path = Data;
			sourceTree = "<group>";
		};
		E9EE9D272B6E41CA000D467B /* Udacity Client */ = {
			isa = PBXGroup;
			children = (
				E9EE9D282B6E41D7000D467B /* UdacityClient.swift */,
			);
			path = "Udacity Client";
			sourceTree = "<group>";
		};
		E9EE9D2C2B6E45F0000D467B /* Udacity Responses */ = {
			isa = PBXGroup;
			children = (
				E9EE9D2A2B6E42EA000D467B /* StudentLocationResponse.swift */,
				E9EE9D302B6E47A1000D467B /* SessionResponse.swift */,
				E9EE9D322B6E4F81000D467B /* AddNewStudentLocationResponse.swift */,
				E9EE9D342B6E50BE000D467B /* UpdateStudentLocationResponse.swift */,
			);
			path = "Udacity Responses";
			sourceTree = "<group>";
		};
		E9EE9D2D2B6E46C0000D467B /* Udacity Requests */ = {
			isa = PBXGroup;
			children = (
				E9EE9D2E2B6E46CC000D467B /* SessionRequest.swift */,
			);
			path = "Udacity Requests";
			sourceTree = "<group>";
		};
/* End PBXGroup section */

/* Begin PBXNativeTarget section */
		E969A8DC2B695E5D0012EFE4 /* OnTheMap */ = {
			isa = PBXNativeTarget;
			buildConfigurationList = E969A8F12B695E5E0012EFE4 /* Build configuration list for PBXNativeTarget "OnTheMap" */;
			buildPhases = (
				E969A8D92B695E5D0012EFE4 /* Sources */,
				E969A8DA2B695E5D0012EFE4 /* Frameworks */,
				E969A8DB2B695E5D0012EFE4 /* Resources */,
			);
			buildRules = (
			);
			dependencies = (
			);
			name = OnTheMap;
			productName = OnTheMap;
			productReference = E969A8DD2B695E5D0012EFE4 /* OnTheMap.app */;
			productType = "com.apple.product-type.application";
		};
/* End PBXNativeTarget section */

/* Begin PBXProject section */
		E969A8D52B695E5C0012EFE4 /* Project object */ = {
			isa = PBXProject;
			attributes = {
				BuildIndependentTargetsInParallel = 1;
				LastSwiftUpdateCheck = 1430;
				LastUpgradeCheck = 1430;
				TargetAttributes = {
					E969A8DC2B695E5D0012EFE4 = {
						CreatedOnToolsVersion = 14.3;
					};
				};
			};
			buildConfigurationList = E969A8D82B695E5C0012EFE4 /* Build configuration list for PBXProject "OnTheMap" */;
			compatibilityVersion = "Xcode 14.0";
			developmentRegion = en;
			hasScannedForEncodings = 0;
			knownRegions = (
				en,
				Base,
			);
			mainGroup = E969A8D42B695E5C0012EFE4;
			productRefGroup = E969A8DE2B695E5D0012EFE4 /* Products */;
			projectDirPath = "";
			projectRoot = "";
			targets = (
				E969A8DC2B695E5D0012EFE4 /* OnTheMap */,
			);
		};
/* End PBXProject section */

/* Begin PBXResourcesBuildPhase section */
		E969A8DB2B695E5D0012EFE4 /* Resources */ = {
			isa = PBXResourcesBuildPhase;
			buildActionMask = 2147483647;
			files = (
				E969A8ED2B695E5E0012EFE4 /* LaunchScreen.storyboard in Resources */,
				E969A8EA2B695E5E0012EFE4 /* Assets.xcassets in Resources */,
				E969A8E82B695E5D0012EFE4 /* Main.storyboard in Resources */,
			);
			runOnlyForDeploymentPostprocessing = 0;
		};
/* End PBXResourcesBuildPhase section */

/* Begin PBXSourcesBuildPhase section */
		E969A8D92B695E5D0012EFE4 /* Sources */ = {
			isa = PBXSourcesBuildPhase;
			buildActionMask = 2147483647;
			files = (
				E9EE9D242B6E406F000D467B /* StudentInformation.swift in Sources */,
				E9EE9D312B6E47A1000D467B /* SessionResponse.swift in Sources */,
				E9EE9D332B6E4F81000D467B /* AddNewStudentLocationResponse.swift in Sources */,
				E969A8E52B695E5D0012EFE4 /* LoginViewController.swift in Sources */,
				E9EE9D352B6E50BE000D467B /* UpdateStudentLocationResponse.swift in Sources */,
				E9EE9D2F2B6E46CC000D467B /* SessionRequest.swift in Sources */,
				E9B670CB2B6AA41000E97A1D /* MapTabViewController.swift in Sources */,
				E9229C772B72700900AA6DCF /* StudentsModel.swift in Sources */,
				E9B670CD2B6AA47D00E97A1D /* TableTabViewController.swift in Sources */,
				E969A8E12B695E5D0012EFE4 /* AppDelegate.swift in Sources */,
				E9EE9D292B6E41D7000D467B /* UdacityClient.swift in Sources */,
				E9229C792B72781E00AA6DCF /* StudentTableViewCell.swift in Sources */,
				E969A8E32B695E5D0012EFE4 /* SceneDelegate.swift in Sources */,
				E9EE9D2B2B6E42EA000D467B /* StudentLocationResponse.swift in Sources */,
			);
			runOnlyForDeploymentPostprocessing = 0;
		};
/* End PBXSourcesBuildPhase section */

/* Begin PBXVariantGroup section */
		E969A8E62B695E5D0012EFE4 /* Main.storyboard */ = {
			isa = PBXVariantGroup;
			children = (
				E969A8E72B695E5D0012EFE4 /* Base */,
			);
			name = Main.storyboard;
			sourceTree = "<group>";
		};
		E969A8EB2B695E5E0012EFE4 /* LaunchScreen.storyboard */ = {
			isa = PBXVariantGroup;
			children = (
				E969A8EC2B695E5E0012EFE4 /* Base */,
			);
			name = LaunchScreen.storyboard;
			sourceTree = "<group>";
		};
/* End PBXVariantGroup section */

/* Begin XCBuildConfiguration section */
		E969A8EF2B695E5E0012EFE4 /* Debug */ = {
			isa = XCBuildConfiguration;
			buildSettings = {
				ALWAYS_SEARCH_USER_PATHS = NO;
				CLANG_ANALYZER_NONNULL = YES;
				CLANG_ANALYZER_NUMBER_OBJECT_CONVERSION = YES_AGGRESSIVE;
				CLANG_CXX_LANGUAGE_STANDARD = "gnu++20";
				CLANG_ENABLE_MODULES = YES;
				CLANG_ENABLE_OBJC_ARC = YES;
				CLANG_ENABLE_OBJC_WEAK = YES;
				CLANG_WARN_BLOCK_CAPTURE_AUTORELEASING = YES;
				CLANG_WARN_BOOL_CONVERSION = YES;
				CLANG_WARN_COMMA = YES;
				CLANG_WARN_CONSTANT_CONVERSION = YES;
				CLANG_WARN_DEPRECATED_OBJC_IMPLEMENTATIONS = YES;
				CLANG_WARN_DIRECT_OBJC_ISA_USAGE = YES_ERROR;
				CLANG_WARN_DOCUMENTATION_COMMENTS = YES;
				CLANG_WARN_EMPTY_BODY = YES;
				CLANG_WARN_ENUM_CONVERSION = YES;
				CLANG_WARN_INFINITE_RECURSION = YES;
				CLANG_WARN_INT_CONVERSION = YES;
				CLANG_WARN_NON_LITERAL_NULL_CONVERSION = YES;
				CLANG_WARN_OBJC_IMPLICIT_RETAIN_SELF = YES;
				CLANG_WARN_OBJC_LITERAL_CONVERSION = YES;
				CLANG_WARN_OBJC_ROOT_CLASS = YES_ERROR;
				CLANG_WARN_QUOTED_INCLUDE_IN_FRAMEWORK_HEADER = YES;
				CLANG_WARN_RANGE_LOOP_ANALYSIS = YES;
				CLANG_WARN_STRICT_PROTOTYPES = YES;
				CLANG_WARN_SUSPICIOUS_MOVE = YES;
				CLANG_WARN_UNGUARDED_AVAILABILITY = YES_AGGRESSIVE;
				CLANG_WARN_UNREACHABLE_CODE = YES;
				CLANG_WARN__DUPLICATE_METHOD_MATCH = YES;
				COPY_PHASE_STRIP = NO;
				DEBUG_INFORMATION_FORMAT = dwarf;
				ENABLE_STRICT_OBJC_MSGSEND = YES;
				ENABLE_TESTABILITY = YES;
				GCC_C_LANGUAGE_STANDARD = gnu11;
				GCC_DYNAMIC_NO_PIC = NO;
				GCC_NO_COMMON_BLOCKS = YES;
				GCC_OPTIMIZATION_LEVEL = 0;
				GCC_PREPROCESSOR_DEFINITIONS = (
					"DEBUG=1",
					"$(inherited)",
				);
				GCC_WARN_64_TO_32_BIT_CONVERSION = YES;
				GCC_WARN_ABOUT_RETURN_TYPE = YES_ERROR;
				GCC_WARN_UNDECLARED_SELECTOR = YES;
				GCC_WARN_UNINITIALIZED_AUTOS = YES_AGGRESSIVE;
				GCC_WARN_UNUSED_FUNCTION = YES;
				GCC_WARN_UNUSED_VARIABLE = YES;
				IPHONEOS_DEPLOYMENT_TARGET = 16.4;
				MTL_ENABLE_DEBUG_INFO = INCLUDE_SOURCE;
				MTL_FAST_MATH = YES;
				ONLY_ACTIVE_ARCH = YES;
				SDKROOT = iphoneos;
				SWIFT_ACTIVE_COMPILATION_CONDITIONS = DEBUG;
				SWIFT_OPTIMIZATION_LEVEL = "-Onone";
			};
			name = Debug;
		};
		E969A8F02B695E5E0012EFE4 /* Release */ = {
			isa = XCBuildConfiguration;
			buildSettings = {
				ALWAYS_SEARCH_USER_PATHS = NO;
				CLANG_ANALYZER_NONNULL = YES;
				CLANG_ANALYZER_NUMBER_OBJECT_CONVERSION = YES_AGGRESSIVE;
				CLANG_CXX_LANGUAGE_STANDARD = "gnu++20";
				CLANG_ENABLE_MODULES = YES;
				CLANG_ENABLE_OBJC_ARC = YES;
				CLANG_ENABLE_OBJC_WEAK = YES;
				CLANG_WARN_BLOCK_CAPTURE_AUTORELEASING = YES;
				CLANG_WARN_BOOL_CONVERSION = YES;
				CLANG_WARN_COMMA = YES;
				CLANG_WARN_CONSTANT_CONVERSION = YES;
				CLANG_WARN_DEPRECATED_OBJC_IMPLEMENTATIONS = YES;
				CLANG_WARN_DIRECT_OBJC_ISA_USAGE = YES_ERROR;
				CLANG_WARN_DOCUMENTATION_COMMENTS = YES;
				CLANG_WARN_EMPTY_BODY = YES;
				CLANG_WARN_ENUM_CONVERSION = YES;
				CLANG_WARN_INFINITE_RECURSION = YES;
				CLANG_WARN_INT_CONVERSION = YES;
				CLANG_WARN_NON_LITERAL_NULL_CONVERSION = YES;
				CLANG_WARN_OBJC_IMPLICIT_RETAIN_SELF = YES;
				CLANG_WARN_OBJC_LITERAL_CONVERSION = YES;
				CLANG_WARN_OBJC_ROOT_CLASS = YES_ERROR;
				CLANG_WARN_QUOTED_INCLUDE_IN_FRAMEWORK_HEADER = YES;
				CLANG_WARN_RANGE_LOOP_ANALYSIS = YES;
				CLANG_WARN_STRICT_PROTOTYPES = YES;
				CLANG_WARN_SUSPICIOUS_MOVE = YES;
				CLANG_WARN_UNGUARDED_AVAILABILITY = YES_AGGRESSIVE;
				CLANG_WARN_UNREACHABLE_CODE = YES;
				CLANG_WARN__DUPLICATE_METHOD_MATCH = YES;
				COPY_PHASE_STRIP = NO;
				DEBUG_INFORMATION_FORMAT = "dwarf-with-dsym";
				ENABLE_NS_ASSERTIONS = NO;
				ENABLE_STRICT_OBJC_MSGSEND = YES;
				GCC_C_LANGUAGE_STANDARD = gnu11;
				GCC_NO_COMMON_BLOCKS = YES;
				GCC_WARN_64_TO_32_BIT_CONVERSION = YES;
				GCC_WARN_ABOUT_RETURN_TYPE = YES_ERROR;
				GCC_WARN_UNDECLARED_SELECTOR = YES;
				GCC_WARN_UNINITIALIZED_AUTOS = YES_AGGRESSIVE;
				GCC_WARN_UNUSED_FUNCTION = YES;
				GCC_WARN_UNUSED_VARIABLE = YES;
				IPHONEOS_DEPLOYMENT_TARGET = 16.4;
				MTL_ENABLE_DEBUG_INFO = NO;
				MTL_FAST_MATH = YES;
				SDKROOT = iphoneos;
				SWIFT_COMPILATION_MODE = wholemodule;
				SWIFT_OPTIMIZATION_LEVEL = "-O";
				VALIDATE_PRODUCT = YES;
			};
			name = Release;
		};
		E969A8F22B695E5E0012EFE4 /* Debug */ = {
			isa = XCBuildConfiguration;
			buildSettings = {
				ASSETCATALOG_COMPILER_APPICON_NAME = AppIcon;
				ASSETCATALOG_COMPILER_GLOBAL_ACCENT_COLOR_NAME = AccentColor;
				CODE_SIGN_STYLE = Automatic;
				CURRENT_PROJECT_VERSION = 1;
				DEVELOPMENT_TEAM = S9BFAW98UF;
				GENERATE_INFOPLIST_FILE = YES;
				INFOPLIST_FILE = OnTheMap/Info.plist;
				INFOPLIST_KEY_UIApplicationSupportsIndirectInputEvents = YES;
				INFOPLIST_KEY_UILaunchStoryboardName = LaunchScreen;
				INFOPLIST_KEY_UIMainStoryboardFile = Main;
				INFOPLIST_KEY_UISupportedInterfaceOrientations_iPad = "UIInterfaceOrientationPortrait UIInterfaceOrientationPortraitUpsideDown UIInterfaceOrientationLandscapeLeft UIInterfaceOrientationLandscapeRight";
				INFOPLIST_KEY_UISupportedInterfaceOrientations_iPhone = "UIInterfaceOrientationPortrait UIInterfaceOrientationLandscapeLeft UIInterfaceOrientationLandscapeRight";
				LD_RUNPATH_SEARCH_PATHS = (
					"$(inherited)",
					"@executable_path/Frameworks",
				);
				MARKETING_VERSION = 1.0;
				PRODUCT_BUNDLE_IDENTIFIER = com.udacity.OnTheMap;
				PRODUCT_NAME = "$(TARGET_NAME)";
				SWIFT_EMIT_LOC_STRINGS = YES;
				SWIFT_VERSION = 5.0;
				TARGETED_DEVICE_FAMILY = "1,2";
			};
			name = Debug;
		};
		E969A8F32B695E5E0012EFE4 /* Release */ = {
			isa = XCBuildConfiguration;
			buildSettings = {
				ASSETCATALOG_COMPILER_APPICON_NAME = AppIcon;
				ASSETCATALOG_COMPILER_GLOBAL_ACCENT_COLOR_NAME = AccentColor;
				CODE_SIGN_STYLE = Automatic;
				CURRENT_PROJECT_VERSION = 1;
				DEVELOPMENT_TEAM = S9BFAW98UF;
				GENERATE_INFOPLIST_FILE = YES;
				INFOPLIST_FILE = OnTheMap/Info.plist;
				INFOPLIST_KEY_UIApplicationSupportsIndirectInputEvents = YES;
				INFOPLIST_KEY_UILaunchStoryboardName = LaunchScreen;
				INFOPLIST_KEY_UIMainStoryboardFile = Main;
				INFOPLIST_KEY_UISupportedInterfaceOrientations_iPad = "UIInterfaceOrientationPortrait UIInterfaceOrientationPortraitUpsideDown UIInterfaceOrientationLandscapeLeft UIInterfaceOrientationLandscapeRight";
				INFOPLIST_KEY_UISupportedInterfaceOrientations_iPhone = "UIInterfaceOrientationPortrait UIInterfaceOrientationLandscapeLeft UIInterfaceOrientationLandscapeRight";
				LD_RUNPATH_SEARCH_PATHS = (
					"$(inherited)",
					"@executable_path/Frameworks",
				);
				MARKETING_VERSION = 1.0;
				PRODUCT_BUNDLE_IDENTIFIER = com.udacity.OnTheMap;
				PRODUCT_NAME = "$(TARGET_NAME)";
				SWIFT_EMIT_LOC_STRINGS = YES;
				SWIFT_VERSION = 5.0;
				TARGETED_DEVICE_FAMILY = "1,2";
			};
			name = Release;
		};
/* End XCBuildConfiguration section */

/* Begin XCConfigurationList section */
		E969A8D82B695E5C0012EFE4 /* Build configuration list for PBXProject "OnTheMap" */ = {
			isa = XCConfigurationList;
			buildConfigurations = (
				E969A8EF2B695E5E0012EFE4 /* Debug */,
				E969A8F02B695E5E0012EFE4 /* Release */,
			);
			defaultConfigurationIsVisible = 0;
			defaultConfigurationName = Release;
		};
		E969A8F12B695E5E0012EFE4 /* Build configuration list for PBXNativeTarget "OnTheMap" */ = {
			isa = XCConfigurationList;
			buildConfigurations = (
				E969A8F22B695E5E0012EFE4 /* Debug */,
				E969A8F32B695E5E0012EFE4 /* Release */,
			);
			defaultConfigurationIsVisible = 0;
			defaultConfigurationName = Release;
		};
/* End XCConfigurationList section */
	};
	rootObject = E969A8D52B695E5C0012EFE4 /* Project object */;
}
